
Microsoft Visual Studio Solution File, Format Version 12.00
# Visual Studio Version 17
VisualStudioVersion = 17.9.34723.18
MinimumVisualStudioVersion = 10.0.40219.1
Project("{9A19103F-16F7-4668-BE54-9A1E7A4F7556}") = "Переменные и константы", "Переменные и константы\Переменные и константы.csproj", "{73DDAB2E-4A46-4661-AEAA-B30DFB164032}"
EndProject
Project("{2150E333-8FDC-42A3-9474-1A3956D46DE8}") = "2.10 Переменные и константы", "2.10 Переменные и константы", "{6A040EB1-08E3-47EC-A833-DCC327DBE05B}"
EndProject
Project("{2150E333-8FDC-42A3-9474-1A3956D46DE8}") = "2.11 Типы данных", "2.11 Типы данных", "{16624C8B-AFEA-4655-A016-271CF068AA58}"
EndProject
Project("{9A19103F-16F7-4668-BE54-9A1E7A4F7556}") = "Типы данных", "Типы данных\Типы данных.csproj", "{0D0E90CE-134E-4A2E-9D65-38CC60552AD4}"
EndProject
Project("{2150E333-8FDC-42A3-9474-1A3956D46DE8}") = "Глава 2. Основы программирования на C#", "Глава 2. Основы программирования на C#", "{76D80779-D2A8-455A-BD16-B40D1AF79862}"
EndProject
Project("{2150E333-8FDC-42A3-9474-1A3956D46DE8}") = "2.12 Арифметические операции", "2.12 Арифметические операции", "{445A151F-E86C-4AD6-A6FC-534432B1AE1C}"
EndProject
Project("{9A19103F-16F7-4668-BE54-9A1E7A4F7556}") = "Арифметические операции", "Арифметические операции\Арифметические операции.csproj", "{DA4F08DD-0E13-4795-86EA-1079E0A54067}"
EndProject
Project("{2150E333-8FDC-42A3-9474-1A3956D46DE8}") = "2.13 Условные выражения", "2.13 Условные выражения", "{1CC995DA-99AF-43B5-B43E-D00812B0FA02}"
EndProject
Project("{9A19103F-16F7-4668-BE54-9A1E7A4F7556}") = "Условные выражения", "Условные выражения\Условные выражения.csproj", "{7BF714A1-B4C5-4063-A43C-9597C4F37BAF}"
EndProject
Project("{2150E333-8FDC-42A3-9474-1A3956D46DE8}") = "2.14 Конструкция if-else и тернарная операция", "2.14 Конструкция if-else и тернарная операция", "{5C688260-54F2-44CE-A747-2ED6906798FC}"
EndProject
Project("{9A19103F-16F7-4668-BE54-9A1E7A4F7556}") = "Конструкция if-else и тернарная операция", "Конструкция if-else и тернарная операция\Конструкция if-else и тернарная операция.csproj", "{EC063032-07F8-4E11-81E0-03BCBF5B9A2F}"
EndProject
Project("{2150E333-8FDC-42A3-9474-1A3956D46DE8}") = "2.15 Итерационные конструкции (Циклы)", "2.15 Итерационные конструкции (Циклы)", "{477E833C-809B-455B-88E7-8310D7730896}"
EndProject
Project("{2150E333-8FDC-42A3-9474-1A3956D46DE8}") = "1. Цикл for", "1. Цикл for", "{B7583AAD-1ED4-45E9-BDF7-9F8B403835FD}"
EndProject
Project("{2150E333-8FDC-42A3-9474-1A3956D46DE8}") = "3. Циклы while и do-while", "3. Циклы while и do-while", "{2F88E8E6-FAC7-4084-8495-D348264071A5}"
EndProject
Project("{2150E333-8FDC-42A3-9474-1A3956D46DE8}") = "2. Цикл foreach", "2. Цикл foreach", "{D8A9AA0B-F52D-400C-951F-9CFF87CD189A}"
EndProject
Project("{9A19103F-16F7-4668-BE54-9A1E7A4F7556}") = "Цикл for", "Цикл for\Цикл for.csproj", "{4D0CB9E0-A383-4F21-B736-0B62BC3F91C9}"
EndProject
Project("{9A19103F-16F7-4668-BE54-9A1E7A4F7556}") = "Цикл foreach", "Цикл foreach\Цикл foreach.csproj", "{FF5EC3BD-A062-460B-9B1D-82048395A296}"
EndProject
Project("{9A19103F-16F7-4668-BE54-9A1E7A4F7556}") = "Циклы while и do-while", "Циклы while и do-while\Циклы while и do-while.csproj", "{17DC8BCC-B967-4920-9A29-F6EE9DE602F2}"
EndProject
Project("{2150E333-8FDC-42A3-9474-1A3956D46DE8}") = "4. continue и break и вложенные циклы", "4. continue и break и вложенные циклы", "{7B6C14FB-535E-4381-B0D9-E3F39689F1B7}"
EndProject
Project("{9A19103F-16F7-4668-BE54-9A1E7A4F7556}") = "continue и break и вложенные циклы", "continue и break и вложенные циклы\continue и break и вложенные циклы.csproj", "{FC7F9FD9-BE92-4F5D-930C-0268DD31FF7F}"
EndProject
Project("{2150E333-8FDC-42A3-9474-1A3956D46DE8}") = "2.16 Массивы", "2.16 Массивы", "{010F2296-EE42-453D-AA98-1B6CFA278082}"
EndProject
Project("{9A19103F-16F7-4668-BE54-9A1E7A4F7556}") = "Массивы база", "Массивы\Массивы база.csproj", "{B22D559B-500C-40D7-B880-63CE93230D9C}"
EndProject
Project("{2150E333-8FDC-42A3-9474-1A3956D46DE8}") = "1. Массивы база", "1. Массивы база", "{6B18D2CA-7908-43FD-A596-D25872C6E38D}"
EndProject
Project("{2150E333-8FDC-42A3-9474-1A3956D46DE8}") = "2. Перебор массивов", "2. Перебор массивов", "{E3ABE19F-2586-4F00-96E8-EB09D45B75D7}"
EndProject
Project("{9A19103F-16F7-4668-BE54-9A1E7A4F7556}") = "Перебор массивов", "Перебор массивов\Перебор массивов.csproj", "{22131576-7FA9-4A20-BD90-176519BC79BB}"
EndProject
Project("{2150E333-8FDC-42A3-9474-1A3956D46DE8}") = "3. Многомерные массивы", "3. Многомерные массивы", "{5AE3740B-E608-436E-BA54-09CB1CC6C721}"
EndProject
Project("{9A19103F-16F7-4668-BE54-9A1E7A4F7556}") = "Многомерные массивы", "Многомерные массивы\Многомерные массивы.csproj", "{C1F6F000-ADFA-4B87-9589-5889ED9DE9B8}"
EndProject
Project("{2150E333-8FDC-42A3-9474-1A3956D46DE8}") = "4. Задачи с массивами", "4. Задачи с массивами", "{AC125AC4-6EA3-4127-B0CE-7487AAE23786}"
EndProject
Project("{9A19103F-16F7-4668-BE54-9A1E7A4F7556}") = "Задачи с массивами", "Задачи с массивами\Задачи с массивами.csproj", "{73D1057F-BE3A-43CF-B8F4-967F9D2E0E1A}"
EndProject
Project("{2150E333-8FDC-42A3-9474-1A3956D46DE8}") = "2.17 Методы", "2.17 Методы", "{6C6698DE-84A4-4861-9F9F-955FDDFDB1EB}"
EndProject
Project("{9A19103F-16F7-4668-BE54-9A1E7A4F7556}") = "Методы база", "Методы\Методы база.csproj", "{B7E48555-44AF-4AD9-BDF6-B47949ADA701}"
EndProject
Project("{2150E333-8FDC-42A3-9474-1A3956D46DE8}") = "1. Методы база", "1. Методы база", "{223E222C-590D-4DDD-8C73-E222310862F9}"
EndProject
Project("{2150E333-8FDC-42A3-9474-1A3956D46DE8}") = "2. Параметры методов", "2. Параметры методов", "{66918531-2A5C-44A7-9402-A9323FD34675}"
EndProject
Project("{9A19103F-16F7-4668-BE54-9A1E7A4F7556}") = "Параметры методов", "Параметры методов\Параметры методов.csproj", "{36B22DD3-D634-4344-85A1-49A7E14C550B}"
EndProject
Project("{2150E333-8FDC-42A3-9474-1A3956D46DE8}") = "3. Возвращение значения и оператор return", "3. Возвращение значения и оператор return", "{77C0A3DF-AA58-424F-BDA4-1F9754C9610D}"
EndProject
Project("{9A19103F-16F7-4668-BE54-9A1E7A4F7556}") = "Возвращение значения и оператор return", "Возвращение значения и оператор return\Возвращение значения и оператор return.csproj", "{7729BFF4-C4F2-4061-B1CE-48F065D8A932}"
EndProject
Project("{2150E333-8FDC-42A3-9474-1A3956D46DE8}") = "4. Передача параметров по ссылке и значению", "4. Передача параметров по ссылке и значению", "{A2F52B8F-9F22-4968-BFE7-5B7A3416D25B}"
EndProject
Project("{2150E333-8FDC-42A3-9474-1A3956D46DE8}") = "1. Модификатор ref", "1. Модификатор ref", "{7B976E5F-43D5-4B8B-840C-AF13727321BD}"
EndProject
Project("{9A19103F-16F7-4668-BE54-9A1E7A4F7556}") = "Модификатор ref", "Модификатор ref\Модификатор ref.csproj", "{CAE2353D-EBC2-40C6-BCF4-A1D442809637}"
EndProject
Project("{2150E333-8FDC-42A3-9474-1A3956D46DE8}") = "2. Модификатор out", "2. Модификатор out", "{F341C254-08D9-4F8E-88D7-46E52C2C66B0}"
EndProject
Project("{9A19103F-16F7-4668-BE54-9A1E7A4F7556}") = "Модификатор out", "Модификатор out\Модификатор out.csproj", "{7C2FCA61-A9C8-42CC-9BB0-A911B50B7983}"
EndProject
Project("{2150E333-8FDC-42A3-9474-1A3956D46DE8}") = "3. Модификатор in", "3. Модификатор in", "{76567B27-505F-4D5E-A50D-1EA52D4F1A46}"
EndProject
Project("{9A19103F-16F7-4668-BE54-9A1E7A4F7556}") = "Модификатор in", "Модификатор in\Модификатор in.csproj", "{47780A60-E567-4752-8DCE-CC5F293C1D21}"
EndProject
Project("{2150E333-8FDC-42A3-9474-1A3956D46DE8}") = "4. Массив параметров и ключевое слово params", "4. Массив параметров и ключевое слово params", "{9B1E3BC1-0F46-449A-BF2F-79638D93E409}"
EndProject
Project("{9A19103F-16F7-4668-BE54-9A1E7A4F7556}") = "Массив параметров и ключевое слово params", "Массив параметров и ключевое слово params\Массив параметров и ключевое слово params.csproj", "{A2FCD8C4-6001-4F39-A512-6A6F20785DE4}"
EndProject
Project("{2150E333-8FDC-42A3-9474-1A3956D46DE8}") = "2.18 Рекурсивные функции", "2.18 Рекурсивные функции", "{7F8EFFE7-A4C5-42D6-922C-4EB76DFCD5B2}"
EndProject
Project("{9A19103F-16F7-4668-BE54-9A1E7A4F7556}") = "Рекурсивные функции", "Рекурсивная функция факториала\Рекурсивные функции.csproj", "{8FF7A7AD-F465-4167-9DE2-E65A833B9E7C}"
EndProject
Project("{2150E333-8FDC-42A3-9474-1A3956D46DE8}") = "2.19 Локальные функции", "2.19 Локальные функции", "{31479CF5-6110-44AE-B9CB-132642D521E4}"
EndProject
Project("{9A19103F-16F7-4668-BE54-9A1E7A4F7556}") = "Локальные функции", "Локальные функции\Локальные функции.csproj", "{902C7C75-E23C-4EFE-9E3F-DF0B8146F2A9}"
EndProject
Project("{2150E333-8FDC-42A3-9474-1A3956D46DE8}") = "2.20 Конструкция switch", "2.20 Конструкция switch", "{0524BB9D-92DD-4584-A10D-F9504D4BC436}"
EndProject
Project("{9A19103F-16F7-4668-BE54-9A1E7A4F7556}") = "Конструкция switch", "Конструкция switch\Конструкция switch.csproj", "{930DE531-98D6-48C5-B7CD-C0773CD3DA6A}"
EndProject
Project("{2150E333-8FDC-42A3-9474-1A3956D46DE8}") = "2.21 Перечисления enum", "2.21 Перечисления enum", "{BD58DB34-FCC7-4B61-B8C7-F3CEB9001C31}"
EndProject
Project("{9A19103F-16F7-4668-BE54-9A1E7A4F7556}") = "Перечисления enum", "Перечисления enum\Перечисления enum.csproj", "{BB3C9670-B8E1-447E-84D9-4C965B10C460}"
EndProject
Project("{2150E333-8FDC-42A3-9474-1A3956D46DE8}") = "Глава 3. Классы, структуры и пространства имен", "Глава 3. Классы, структуры и пространства имен", "{E1B5F825-B328-4D0C-843E-091635084381}"
EndProject
Project("{2150E333-8FDC-42A3-9474-1A3956D46DE8}") = "3.10 Классы и объекты", "3.10 Классы и объекты", "{D1E4A626-685A-4ECE-902F-9ADFA2CB59B9}"
EndProject
Project("{9A19103F-16F7-4668-BE54-9A1E7A4F7556}") = "Классы и объекты", "Классы и объекты\Классы и объекты.csproj", "{3E22A0F8-FA57-414A-BF4A-D2D7495245A2}"
EndProject
Project("{2150E333-8FDC-42A3-9474-1A3956D46DE8}") = "3.11 Конструкторы, инициализаторы и деконструкторы", "3.11 Конструкторы, инициализаторы и деконструкторы", "{84C4EC82-6A23-40E4-8958-C6AC7DCA43E7}"
EndProject
Project("{2150E333-8FDC-42A3-9474-1A3956D46DE8}") = "1. Конструкторы", "1. Конструкторы", "{F7A7A4A4-CF95-48AF-8580-D27A80670E62}"
EndProject
Project("{2150E333-8FDC-42A3-9474-1A3956D46DE8}") = "3. Деконструкторы", "3. Деконструкторы", "{F3037DBF-1110-4C96-B723-87406E190840}"
EndProject
Project("{2150E333-8FDC-42A3-9474-1A3956D46DE8}") = "2. Инициализаторы", "2. Инициализаторы", "{29FC4B90-4BE4-4573-ACDB-664549E101D3}"
EndProject
Project("{9A19103F-16F7-4668-BE54-9A1E7A4F7556}") = "Конструкторы", "Конструкторы\Конструкторы.csproj", "{68659502-B65E-404F-BB6E-2D2597BB16A2}"
EndProject
Project("{2150E333-8FDC-42A3-9474-1A3956D46DE8}") = "1.1 Ключевое слово this", "1.1 Ключевое слово this", "{420CBE5E-0C8C-45DD-B9F7-3F6A66310509}"
EndProject
Project("{9A19103F-16F7-4668-BE54-9A1E7A4F7556}") = "Ключевое слово this", "Ключевое слово this\Ключевое слово this.csproj", "{042BC59A-E1AD-4E8E-8BBD-97F947FEA7C3}"
EndProject
Project("{2150E333-8FDC-42A3-9474-1A3956D46DE8}") = "1.2 Цепочка вызова конструкторов", "1.2 Цепочка вызова конструкторов", "{0A32773B-B69B-4FD9-A54E-3DE22F539600}"
EndProject
Project("{9A19103F-16F7-4668-BE54-9A1E7A4F7556}") = "Цепочка вызова конструкторов", "Цепочка вызова конструкторов\Цепочка вызова конструкторов.csproj", "{E2392B91-A985-4EC1-A280-DAD102DE7CA6}"
EndProject
Project("{9A19103F-16F7-4668-BE54-9A1E7A4F7556}") = "Инициализаторы", "Инициализаторы объектов\Инициализаторы.csproj", "{DB0D866C-8E40-4C81-A149-892282262F1F}"
EndProject
Project("{9A19103F-16F7-4668-BE54-9A1E7A4F7556}") = "Деконструкторы", "Деконструкторы\Деконструкторы.csproj", "{646CCFA5-39F3-4E29-BAA1-FFAC1F9576EE}"
EndProject
Project("{2150E333-8FDC-42A3-9474-1A3956D46DE8}") = "3.12 Класс Program и метод Main", "3.12 Класс Program и метод Main", "{71864B82-9819-4537-8759-A3320A38C8C0}"
EndProject
Project("{9A19103F-16F7-4668-BE54-9A1E7A4F7556}") = "Класс Program и метод Main", "Класс Program и метод Main\Класс Program и метод Main.csproj", "{B655AE9C-E6E8-47D4-9329-AB47B09FB238}"
EndProject
Project("{2150E333-8FDC-42A3-9474-1A3956D46DE8}") = "3.13 Структуры", "3.13 Структуры", "{E69C2C82-19D8-4E5A-8C63-B59C1D0D96FB}"
EndProject
Project("{9A19103F-16F7-4668-BE54-9A1E7A4F7556}") = "Структуры", "Структуры\Структуры.csproj", "{B2BF31DD-479A-4452-A21A-8A5B87266DCD}"
EndProject
Project("{2150E333-8FDC-42A3-9474-1A3956D46DE8}") = "3.15 Область видимости (контекст) переменных и констант", "3.15 Область видимости (контекст) переменных и констант", "{FC2D224D-26E9-4F88-AAC3-84EA38755E1F}"
EndProject
Project("{9A19103F-16F7-4668-BE54-9A1E7A4F7556}") = "Область видимости (контекст) переменных и констант", "Область видимости (контекст) переменных и констант\Область видимости (контекст) переменных и констант.csproj", "{8D23A2E0-2548-479F-878C-2FDB43F96E85}"
EndProject
Project("{2150E333-8FDC-42A3-9474-1A3956D46DE8}") = "3.14 Типы значений и ссылочные типы", "3.14 Типы значений и ссылочные типы", "{03A6E99E-7BFC-42BB-BB0F-67B5486FD1AF}"
EndProject
Project("{9A19103F-16F7-4668-BE54-9A1E7A4F7556}") = "Типы значений и ссылочные типы", "Типы значений и ссылочные типы\Типы значений и ссылочные типы.csproj", "{939B7F06-7E19-4CA5-B34A-68C5CA90A33D}"
EndProject
Project("{2150E333-8FDC-42A3-9474-1A3956D46DE8}") = "3.16 Пространства имен", "3.16 Пространства имен", "{7C03B771-5F07-4B91-BD71-056110448075}"
EndProject
Project("{9A19103F-16F7-4668-BE54-9A1E7A4F7556}") = "Пространства имен", "Пространства имен\Пространства имен.csproj", "{A9B358C7-8119-4DEB-B5B8-AB8FBADC9F0C}"
EndProject
Project("{2150E333-8FDC-42A3-9474-1A3956D46DE8}") = "3.17 Глобальные пространства имен", "3.17 Глобальные пространства имен", "{A4BCA699-757B-4861-ADD2-32EDFFB607B2}"
EndProject
Project("{FAE04EC0-301F-11D3-BF4B-00C04F79EFBC}") = "Глобальные пространства имен", "Глобальные пространства имен\Глобальные пространства имен.csproj", "{0B8A1286-6649-4FF5-9643-C3C334111D29}"
EndProject
Global
	GlobalSection(SolutionConfigurationPlatforms) = preSolution
		Debug|Any CPU = Debug|Any CPU
		Release|Any CPU = Release|Any CPU
	EndGlobalSection
	GlobalSection(ProjectConfigurationPlatforms) = postSolution
		{73DDAB2E-4A46-4661-AEAA-B30DFB164032}.Debug|Any CPU.ActiveCfg = Debug|Any CPU
		{73DDAB2E-4A46-4661-AEAA-B30DFB164032}.Debug|Any CPU.Build.0 = Debug|Any CPU
		{73DDAB2E-4A46-4661-AEAA-B30DFB164032}.Release|Any CPU.ActiveCfg = Release|Any CPU
		{73DDAB2E-4A46-4661-AEAA-B30DFB164032}.Release|Any CPU.Build.0 = Release|Any CPU
		{0D0E90CE-134E-4A2E-9D65-38CC60552AD4}.Debug|Any CPU.ActiveCfg = Debug|Any CPU
		{0D0E90CE-134E-4A2E-9D65-38CC60552AD4}.Debug|Any CPU.Build.0 = Debug|Any CPU
		{0D0E90CE-134E-4A2E-9D65-38CC60552AD4}.Release|Any CPU.ActiveCfg = Release|Any CPU
		{0D0E90CE-134E-4A2E-9D65-38CC60552AD4}.Release|Any CPU.Build.0 = Release|Any CPU
		{DA4F08DD-0E13-4795-86EA-1079E0A54067}.Debug|Any CPU.ActiveCfg = Debug|Any CPU
		{DA4F08DD-0E13-4795-86EA-1079E0A54067}.Debug|Any CPU.Build.0 = Debug|Any CPU
		{DA4F08DD-0E13-4795-86EA-1079E0A54067}.Release|Any CPU.ActiveCfg = Release|Any CPU
		{DA4F08DD-0E13-4795-86EA-1079E0A54067}.Release|Any CPU.Build.0 = Release|Any CPU
		{7BF714A1-B4C5-4063-A43C-9597C4F37BAF}.Debug|Any CPU.ActiveCfg = Debug|Any CPU
		{7BF714A1-B4C5-4063-A43C-9597C4F37BAF}.Debug|Any CPU.Build.0 = Debug|Any CPU
		{7BF714A1-B4C5-4063-A43C-9597C4F37BAF}.Release|Any CPU.ActiveCfg = Release|Any CPU
		{7BF714A1-B4C5-4063-A43C-9597C4F37BAF}.Release|Any CPU.Build.0 = Release|Any CPU
		{EC063032-07F8-4E11-81E0-03BCBF5B9A2F}.Debug|Any CPU.ActiveCfg = Debug|Any CPU
		{EC063032-07F8-4E11-81E0-03BCBF5B9A2F}.Debug|Any CPU.Build.0 = Debug|Any CPU
		{EC063032-07F8-4E11-81E0-03BCBF5B9A2F}.Release|Any CPU.ActiveCfg = Release|Any CPU
		{EC063032-07F8-4E11-81E0-03BCBF5B9A2F}.Release|Any CPU.Build.0 = Release|Any CPU
		{4D0CB9E0-A383-4F21-B736-0B62BC3F91C9}.Debug|Any CPU.ActiveCfg = Debug|Any CPU
		{4D0CB9E0-A383-4F21-B736-0B62BC3F91C9}.Debug|Any CPU.Build.0 = Debug|Any CPU
		{4D0CB9E0-A383-4F21-B736-0B62BC3F91C9}.Release|Any CPU.ActiveCfg = Release|Any CPU
		{4D0CB9E0-A383-4F21-B736-0B62BC3F91C9}.Release|Any CPU.Build.0 = Release|Any CPU
		{FF5EC3BD-A062-460B-9B1D-82048395A296}.Debug|Any CPU.ActiveCfg = Debug|Any CPU
		{FF5EC3BD-A062-460B-9B1D-82048395A296}.Debug|Any CPU.Build.0 = Debug|Any CPU
		{FF5EC3BD-A062-460B-9B1D-82048395A296}.Release|Any CPU.ActiveCfg = Release|Any CPU
		{FF5EC3BD-A062-460B-9B1D-82048395A296}.Release|Any CPU.Build.0 = Release|Any CPU
		{17DC8BCC-B967-4920-9A29-F6EE9DE602F2}.Debug|Any CPU.ActiveCfg = Debug|Any CPU
		{17DC8BCC-B967-4920-9A29-F6EE9DE602F2}.Debug|Any CPU.Build.0 = Debug|Any CPU
		{17DC8BCC-B967-4920-9A29-F6EE9DE602F2}.Release|Any CPU.ActiveCfg = Release|Any CPU
		{17DC8BCC-B967-4920-9A29-F6EE9DE602F2}.Release|Any CPU.Build.0 = Release|Any CPU
		{FC7F9FD9-BE92-4F5D-930C-0268DD31FF7F}.Debug|Any CPU.ActiveCfg = Debug|Any CPU
		{FC7F9FD9-BE92-4F5D-930C-0268DD31FF7F}.Debug|Any CPU.Build.0 = Debug|Any CPU
		{FC7F9FD9-BE92-4F5D-930C-0268DD31FF7F}.Release|Any CPU.ActiveCfg = Release|Any CPU
		{FC7F9FD9-BE92-4F5D-930C-0268DD31FF7F}.Release|Any CPU.Build.0 = Release|Any CPU
		{B22D559B-500C-40D7-B880-63CE93230D9C}.Debug|Any CPU.ActiveCfg = Debug|Any CPU
		{B22D559B-500C-40D7-B880-63CE93230D9C}.Debug|Any CPU.Build.0 = Debug|Any CPU
		{B22D559B-500C-40D7-B880-63CE93230D9C}.Release|Any CPU.ActiveCfg = Release|Any CPU
		{B22D559B-500C-40D7-B880-63CE93230D9C}.Release|Any CPU.Build.0 = Release|Any CPU
		{22131576-7FA9-4A20-BD90-176519BC79BB}.Debug|Any CPU.ActiveCfg = Debug|Any CPU
		{22131576-7FA9-4A20-BD90-176519BC79BB}.Debug|Any CPU.Build.0 = Debug|Any CPU
		{22131576-7FA9-4A20-BD90-176519BC79BB}.Release|Any CPU.ActiveCfg = Release|Any CPU
		{22131576-7FA9-4A20-BD90-176519BC79BB}.Release|Any CPU.Build.0 = Release|Any CPU
		{C1F6F000-ADFA-4B87-9589-5889ED9DE9B8}.Debug|Any CPU.ActiveCfg = Debug|Any CPU
		{C1F6F000-ADFA-4B87-9589-5889ED9DE9B8}.Debug|Any CPU.Build.0 = Debug|Any CPU
		{C1F6F000-ADFA-4B87-9589-5889ED9DE9B8}.Release|Any CPU.ActiveCfg = Release|Any CPU
		{C1F6F000-ADFA-4B87-9589-5889ED9DE9B8}.Release|Any CPU.Build.0 = Release|Any CPU
		{73D1057F-BE3A-43CF-B8F4-967F9D2E0E1A}.Debug|Any CPU.ActiveCfg = Debug|Any CPU
		{73D1057F-BE3A-43CF-B8F4-967F9D2E0E1A}.Debug|Any CPU.Build.0 = Debug|Any CPU
		{73D1057F-BE3A-43CF-B8F4-967F9D2E0E1A}.Release|Any CPU.ActiveCfg = Release|Any CPU
		{73D1057F-BE3A-43CF-B8F4-967F9D2E0E1A}.Release|Any CPU.Build.0 = Release|Any CPU
		{B7E48555-44AF-4AD9-BDF6-B47949ADA701}.Debug|Any CPU.ActiveCfg = Debug|Any CPU
		{B7E48555-44AF-4AD9-BDF6-B47949ADA701}.Debug|Any CPU.Build.0 = Debug|Any CPU
		{B7E48555-44AF-4AD9-BDF6-B47949ADA701}.Release|Any CPU.ActiveCfg = Release|Any CPU
		{B7E48555-44AF-4AD9-BDF6-B47949ADA701}.Release|Any CPU.Build.0 = Release|Any CPU
		{36B22DD3-D634-4344-85A1-49A7E14C550B}.Debug|Any CPU.ActiveCfg = Debug|Any CPU
		{36B22DD3-D634-4344-85A1-49A7E14C550B}.Debug|Any CPU.Build.0 = Debug|Any CPU
		{36B22DD3-D634-4344-85A1-49A7E14C550B}.Release|Any CPU.ActiveCfg = Release|Any CPU
		{36B22DD3-D634-4344-85A1-49A7E14C550B}.Release|Any CPU.Build.0 = Release|Any CPU
		{7729BFF4-C4F2-4061-B1CE-48F065D8A932}.Debug|Any CPU.ActiveCfg = Debug|Any CPU
		{7729BFF4-C4F2-4061-B1CE-48F065D8A932}.Debug|Any CPU.Build.0 = Debug|Any CPU
		{7729BFF4-C4F2-4061-B1CE-48F065D8A932}.Release|Any CPU.ActiveCfg = Release|Any CPU
		{7729BFF4-C4F2-4061-B1CE-48F065D8A932}.Release|Any CPU.Build.0 = Release|Any CPU
		{CAE2353D-EBC2-40C6-BCF4-A1D442809637}.Debug|Any CPU.ActiveCfg = Debug|Any CPU
		{CAE2353D-EBC2-40C6-BCF4-A1D442809637}.Debug|Any CPU.Build.0 = Debug|Any CPU
		{CAE2353D-EBC2-40C6-BCF4-A1D442809637}.Release|Any CPU.ActiveCfg = Release|Any CPU
		{CAE2353D-EBC2-40C6-BCF4-A1D442809637}.Release|Any CPU.Build.0 = Release|Any CPU
		{7C2FCA61-A9C8-42CC-9BB0-A911B50B7983}.Debug|Any CPU.ActiveCfg = Debug|Any CPU
		{7C2FCA61-A9C8-42CC-9BB0-A911B50B7983}.Debug|Any CPU.Build.0 = Debug|Any CPU
		{7C2FCA61-A9C8-42CC-9BB0-A911B50B7983}.Release|Any CPU.ActiveCfg = Release|Any CPU
		{7C2FCA61-A9C8-42CC-9BB0-A911B50B7983}.Release|Any CPU.Build.0 = Release|Any CPU
		{47780A60-E567-4752-8DCE-CC5F293C1D21}.Debug|Any CPU.ActiveCfg = Debug|Any CPU
		{47780A60-E567-4752-8DCE-CC5F293C1D21}.Debug|Any CPU.Build.0 = Debug|Any CPU
		{47780A60-E567-4752-8DCE-CC5F293C1D21}.Release|Any CPU.ActiveCfg = Release|Any CPU
		{47780A60-E567-4752-8DCE-CC5F293C1D21}.Release|Any CPU.Build.0 = Release|Any CPU
		{A2FCD8C4-6001-4F39-A512-6A6F20785DE4}.Debug|Any CPU.ActiveCfg = Debug|Any CPU
		{A2FCD8C4-6001-4F39-A512-6A6F20785DE4}.Debug|Any CPU.Build.0 = Debug|Any CPU
		{A2FCD8C4-6001-4F39-A512-6A6F20785DE4}.Release|Any CPU.ActiveCfg = Release|Any CPU
		{A2FCD8C4-6001-4F39-A512-6A6F20785DE4}.Release|Any CPU.Build.0 = Release|Any CPU
		{8FF7A7AD-F465-4167-9DE2-E65A833B9E7C}.Debug|Any CPU.ActiveCfg = Debug|Any CPU
		{8FF7A7AD-F465-4167-9DE2-E65A833B9E7C}.Debug|Any CPU.Build.0 = Debug|Any CPU
		{8FF7A7AD-F465-4167-9DE2-E65A833B9E7C}.Release|Any CPU.ActiveCfg = Release|Any CPU
		{8FF7A7AD-F465-4167-9DE2-E65A833B9E7C}.Release|Any CPU.Build.0 = Release|Any CPU
		{902C7C75-E23C-4EFE-9E3F-DF0B8146F2A9}.Debug|Any CPU.ActiveCfg = Debug|Any CPU
		{902C7C75-E23C-4EFE-9E3F-DF0B8146F2A9}.Debug|Any CPU.Build.0 = Debug|Any CPU
		{902C7C75-E23C-4EFE-9E3F-DF0B8146F2A9}.Release|Any CPU.ActiveCfg = Release|Any CPU
		{902C7C75-E23C-4EFE-9E3F-DF0B8146F2A9}.Release|Any CPU.Build.0 = Release|Any CPU
		{930DE531-98D6-48C5-B7CD-C0773CD3DA6A}.Debug|Any CPU.ActiveCfg = Debug|Any CPU
		{930DE531-98D6-48C5-B7CD-C0773CD3DA6A}.Debug|Any CPU.Build.0 = Debug|Any CPU
		{930DE531-98D6-48C5-B7CD-C0773CD3DA6A}.Release|Any CPU.ActiveCfg = Release|Any CPU
		{930DE531-98D6-48C5-B7CD-C0773CD3DA6A}.Release|Any CPU.Build.0 = Release|Any CPU
		{BB3C9670-B8E1-447E-84D9-4C965B10C460}.Debug|Any CPU.ActiveCfg = Debug|Any CPU
		{BB3C9670-B8E1-447E-84D9-4C965B10C460}.Debug|Any CPU.Build.0 = Debug|Any CPU
		{BB3C9670-B8E1-447E-84D9-4C965B10C460}.Release|Any CPU.ActiveCfg = Release|Any CPU
		{BB3C9670-B8E1-447E-84D9-4C965B10C460}.Release|Any CPU.Build.0 = Release|Any CPU
		{3E22A0F8-FA57-414A-BF4A-D2D7495245A2}.Debug|Any CPU.ActiveCfg = Debug|Any CPU
		{3E22A0F8-FA57-414A-BF4A-D2D7495245A2}.Debug|Any CPU.Build.0 = Debug|Any CPU
		{3E22A0F8-FA57-414A-BF4A-D2D7495245A2}.Release|Any CPU.ActiveCfg = Release|Any CPU
		{3E22A0F8-FA57-414A-BF4A-D2D7495245A2}.Release|Any CPU.Build.0 = Release|Any CPU
		{68659502-B65E-404F-BB6E-2D2597BB16A2}.Debug|Any CPU.ActiveCfg = Debug|Any CPU
		{68659502-B65E-404F-BB6E-2D2597BB16A2}.Debug|Any CPU.Build.0 = Debug|Any CPU
		{68659502-B65E-404F-BB6E-2D2597BB16A2}.Release|Any CPU.ActiveCfg = Release|Any CPU
		{68659502-B65E-404F-BB6E-2D2597BB16A2}.Release|Any CPU.Build.0 = Release|Any CPU
		{042BC59A-E1AD-4E8E-8BBD-97F947FEA7C3}.Debug|Any CPU.ActiveCfg = Debug|Any CPU
		{042BC59A-E1AD-4E8E-8BBD-97F947FEA7C3}.Debug|Any CPU.Build.0 = Debug|Any CPU
		{042BC59A-E1AD-4E8E-8BBD-97F947FEA7C3}.Release|Any CPU.ActiveCfg = Release|Any CPU
		{042BC59A-E1AD-4E8E-8BBD-97F947FEA7C3}.Release|Any CPU.Build.0 = Release|Any CPU
		{E2392B91-A985-4EC1-A280-DAD102DE7CA6}.Debug|Any CPU.ActiveCfg = Debug|Any CPU
		{E2392B91-A985-4EC1-A280-DAD102DE7CA6}.Debug|Any CPU.Build.0 = Debug|Any CPU
		{E2392B91-A985-4EC1-A280-DAD102DE7CA6}.Release|Any CPU.ActiveCfg = Release|Any CPU
		{E2392B91-A985-4EC1-A280-DAD102DE7CA6}.Release|Any CPU.Build.0 = Release|Any CPU
		{DB0D866C-8E40-4C81-A149-892282262F1F}.Debug|Any CPU.ActiveCfg = Debug|Any CPU
		{DB0D866C-8E40-4C81-A149-892282262F1F}.Debug|Any CPU.Build.0 = Debug|Any CPU
		{DB0D866C-8E40-4C81-A149-892282262F1F}.Release|Any CPU.ActiveCfg = Release|Any CPU
		{DB0D866C-8E40-4C81-A149-892282262F1F}.Release|Any CPU.Build.0 = Release|Any CPU
		{646CCFA5-39F3-4E29-BAA1-FFAC1F9576EE}.Debug|Any CPU.ActiveCfg = Debug|Any CPU
		{646CCFA5-39F3-4E29-BAA1-FFAC1F9576EE}.Debug|Any CPU.Build.0 = Debug|Any CPU
		{646CCFA5-39F3-4E29-BAA1-FFAC1F9576EE}.Release|Any CPU.ActiveCfg = Release|Any CPU
		{646CCFA5-39F3-4E29-BAA1-FFAC1F9576EE}.Release|Any CPU.Build.0 = Release|Any CPU
		{B655AE9C-E6E8-47D4-9329-AB47B09FB238}.Debug|Any CPU.ActiveCfg = Debug|Any CPU
		{B655AE9C-E6E8-47D4-9329-AB47B09FB238}.Debug|Any CPU.Build.0 = Debug|Any CPU
		{B655AE9C-E6E8-47D4-9329-AB47B09FB238}.Release|Any CPU.ActiveCfg = Release|Any CPU
		{B655AE9C-E6E8-47D4-9329-AB47B09FB238}.Release|Any CPU.Build.0 = Release|Any CPU
		{B2BF31DD-479A-4452-A21A-8A5B87266DCD}.Debug|Any CPU.ActiveCfg = Debug|Any CPU
		{B2BF31DD-479A-4452-A21A-8A5B87266DCD}.Debug|Any CPU.Build.0 = Debug|Any CPU
		{B2BF31DD-479A-4452-A21A-8A5B87266DCD}.Release|Any CPU.ActiveCfg = Release|Any CPU
		{B2BF31DD-479A-4452-A21A-8A5B87266DCD}.Release|Any CPU.Build.0 = Release|Any CPU
		{8D23A2E0-2548-479F-878C-2FDB43F96E85}.Debug|Any CPU.ActiveCfg = Debug|Any CPU
		{8D23A2E0-2548-479F-878C-2FDB43F96E85}.Debug|Any CPU.Build.0 = Debug|Any CPU
		{8D23A2E0-2548-479F-878C-2FDB43F96E85}.Release|Any CPU.ActiveCfg = Release|Any CPU
		{8D23A2E0-2548-479F-878C-2FDB43F96E85}.Release|Any CPU.Build.0 = Release|Any CPU
		{939B7F06-7E19-4CA5-B34A-68C5CA90A33D}.Debug|Any CPU.ActiveCfg = Debug|Any CPU
		{939B7F06-7E19-4CA5-B34A-68C5CA90A33D}.Debug|Any CPU.Build.0 = Debug|Any CPU
		{939B7F06-7E19-4CA5-B34A-68C5CA90A33D}.Release|Any CPU.ActiveCfg = Release|Any CPU
		{939B7F06-7E19-4CA5-B34A-68C5CA90A33D}.Release|Any CPU.Build.0 = Release|Any CPU
		{A9B358C7-8119-4DEB-B5B8-AB8FBADC9F0C}.Debug|Any CPU.ActiveCfg = Debug|Any CPU
		{A9B358C7-8119-4DEB-B5B8-AB8FBADC9F0C}.Debug|Any CPU.Build.0 = Debug|Any CPU
		{A9B358C7-8119-4DEB-B5B8-AB8FBADC9F0C}.Release|Any CPU.ActiveCfg = Release|Any CPU
		{A9B358C7-8119-4DEB-B5B8-AB8FBADC9F0C}.Release|Any CPU.Build.0 = Release|Any CPU
		{0B8A1286-6649-4FF5-9643-C3C334111D29}.Debug|Any CPU.ActiveCfg = Debug|Any CPU
		{0B8A1286-6649-4FF5-9643-C3C334111D29}.Debug|Any CPU.Build.0 = Debug|Any CPU
		{0B8A1286-6649-4FF5-9643-C3C334111D29}.Release|Any CPU.ActiveCfg = Release|Any CPU
		{0B8A1286-6649-4FF5-9643-C3C334111D29}.Release|Any CPU.Build.0 = Release|Any CPU
	EndGlobalSection
	GlobalSection(SolutionProperties) = preSolution
		HideSolutionNode = FALSE
	EndGlobalSection
	GlobalSection(NestedProjects) = preSolution
		{73DDAB2E-4A46-4661-AEAA-B30DFB164032} = {6A040EB1-08E3-47EC-A833-DCC327DBE05B}
		{6A040EB1-08E3-47EC-A833-DCC327DBE05B} = {76D80779-D2A8-455A-BD16-B40D1AF79862}
		{16624C8B-AFEA-4655-A016-271CF068AA58} = {76D80779-D2A8-455A-BD16-B40D1AF79862}
		{0D0E90CE-134E-4A2E-9D65-38CC60552AD4} = {16624C8B-AFEA-4655-A016-271CF068AA58}
		{445A151F-E86C-4AD6-A6FC-534432B1AE1C} = {76D80779-D2A8-455A-BD16-B40D1AF79862}
		{DA4F08DD-0E13-4795-86EA-1079E0A54067} = {445A151F-E86C-4AD6-A6FC-534432B1AE1C}
		{1CC995DA-99AF-43B5-B43E-D00812B0FA02} = {76D80779-D2A8-455A-BD16-B40D1AF79862}
		{7BF714A1-B4C5-4063-A43C-9597C4F37BAF} = {1CC995DA-99AF-43B5-B43E-D00812B0FA02}
		{5C688260-54F2-44CE-A747-2ED6906798FC} = {76D80779-D2A8-455A-BD16-B40D1AF79862}
		{EC063032-07F8-4E11-81E0-03BCBF5B9A2F} = {5C688260-54F2-44CE-A747-2ED6906798FC}
		{477E833C-809B-455B-88E7-8310D7730896} = {76D80779-D2A8-455A-BD16-B40D1AF79862}
		{B7583AAD-1ED4-45E9-BDF7-9F8B403835FD} = {477E833C-809B-455B-88E7-8310D7730896}
		{2F88E8E6-FAC7-4084-8495-D348264071A5} = {477E833C-809B-455B-88E7-8310D7730896}
		{D8A9AA0B-F52D-400C-951F-9CFF87CD189A} = {477E833C-809B-455B-88E7-8310D7730896}
		{4D0CB9E0-A383-4F21-B736-0B62BC3F91C9} = {B7583AAD-1ED4-45E9-BDF7-9F8B403835FD}
		{FF5EC3BD-A062-460B-9B1D-82048395A296} = {D8A9AA0B-F52D-400C-951F-9CFF87CD189A}
		{17DC8BCC-B967-4920-9A29-F6EE9DE602F2} = {2F88E8E6-FAC7-4084-8495-D348264071A5}
		{7B6C14FB-535E-4381-B0D9-E3F39689F1B7} = {477E833C-809B-455B-88E7-8310D7730896}
		{FC7F9FD9-BE92-4F5D-930C-0268DD31FF7F} = {7B6C14FB-535E-4381-B0D9-E3F39689F1B7}
		{010F2296-EE42-453D-AA98-1B6CFA278082} = {76D80779-D2A8-455A-BD16-B40D1AF79862}
		{B22D559B-500C-40D7-B880-63CE93230D9C} = {6B18D2CA-7908-43FD-A596-D25872C6E38D}
		{6B18D2CA-7908-43FD-A596-D25872C6E38D} = {010F2296-EE42-453D-AA98-1B6CFA278082}
		{E3ABE19F-2586-4F00-96E8-EB09D45B75D7} = {010F2296-EE42-453D-AA98-1B6CFA278082}
		{22131576-7FA9-4A20-BD90-176519BC79BB} = {E3ABE19F-2586-4F00-96E8-EB09D45B75D7}
		{5AE3740B-E608-436E-BA54-09CB1CC6C721} = {010F2296-EE42-453D-AA98-1B6CFA278082}
		{C1F6F000-ADFA-4B87-9589-5889ED9DE9B8} = {5AE3740B-E608-436E-BA54-09CB1CC6C721}
		{AC125AC4-6EA3-4127-B0CE-7487AAE23786} = {010F2296-EE42-453D-AA98-1B6CFA278082}
		{73D1057F-BE3A-43CF-B8F4-967F9D2E0E1A} = {AC125AC4-6EA3-4127-B0CE-7487AAE23786}
		{6C6698DE-84A4-4861-9F9F-955FDDFDB1EB} = {76D80779-D2A8-455A-BD16-B40D1AF79862}
		{B7E48555-44AF-4AD9-BDF6-B47949ADA701} = {223E222C-590D-4DDD-8C73-E222310862F9}
		{223E222C-590D-4DDD-8C73-E222310862F9} = {6C6698DE-84A4-4861-9F9F-955FDDFDB1EB}
		{66918531-2A5C-44A7-9402-A9323FD34675} = {6C6698DE-84A4-4861-9F9F-955FDDFDB1EB}
		{36B22DD3-D634-4344-85A1-49A7E14C550B} = {66918531-2A5C-44A7-9402-A9323FD34675}
		{77C0A3DF-AA58-424F-BDA4-1F9754C9610D} = {6C6698DE-84A4-4861-9F9F-955FDDFDB1EB}
		{7729BFF4-C4F2-4061-B1CE-48F065D8A932} = {77C0A3DF-AA58-424F-BDA4-1F9754C9610D}
		{A2F52B8F-9F22-4968-BFE7-5B7A3416D25B} = {6C6698DE-84A4-4861-9F9F-955FDDFDB1EB}
		{7B976E5F-43D5-4B8B-840C-AF13727321BD} = {A2F52B8F-9F22-4968-BFE7-5B7A3416D25B}
		{CAE2353D-EBC2-40C6-BCF4-A1D442809637} = {7B976E5F-43D5-4B8B-840C-AF13727321BD}
		{F341C254-08D9-4F8E-88D7-46E52C2C66B0} = {A2F52B8F-9F22-4968-BFE7-5B7A3416D25B}
		{7C2FCA61-A9C8-42CC-9BB0-A911B50B7983} = {F341C254-08D9-4F8E-88D7-46E52C2C66B0}
		{76567B27-505F-4D5E-A50D-1EA52D4F1A46} = {A2F52B8F-9F22-4968-BFE7-5B7A3416D25B}
		{47780A60-E567-4752-8DCE-CC5F293C1D21} = {76567B27-505F-4D5E-A50D-1EA52D4F1A46}
		{9B1E3BC1-0F46-449A-BF2F-79638D93E409} = {A2F52B8F-9F22-4968-BFE7-5B7A3416D25B}
		{A2FCD8C4-6001-4F39-A512-6A6F20785DE4} = {9B1E3BC1-0F46-449A-BF2F-79638D93E409}
		{7F8EFFE7-A4C5-42D6-922C-4EB76DFCD5B2} = {76D80779-D2A8-455A-BD16-B40D1AF79862}
		{8FF7A7AD-F465-4167-9DE2-E65A833B9E7C} = {7F8EFFE7-A4C5-42D6-922C-4EB76DFCD5B2}
		{31479CF5-6110-44AE-B9CB-132642D521E4} = {76D80779-D2A8-455A-BD16-B40D1AF79862}
		{902C7C75-E23C-4EFE-9E3F-DF0B8146F2A9} = {31479CF5-6110-44AE-B9CB-132642D521E4}
		{0524BB9D-92DD-4584-A10D-F9504D4BC436} = {76D80779-D2A8-455A-BD16-B40D1AF79862}
		{930DE531-98D6-48C5-B7CD-C0773CD3DA6A} = {0524BB9D-92DD-4584-A10D-F9504D4BC436}
		{BD58DB34-FCC7-4B61-B8C7-F3CEB9001C31} = {76D80779-D2A8-455A-BD16-B40D1AF79862}
		{BB3C9670-B8E1-447E-84D9-4C965B10C460} = {BD58DB34-FCC7-4B61-B8C7-F3CEB9001C31}
		{D1E4A626-685A-4ECE-902F-9ADFA2CB59B9} = {E1B5F825-B328-4D0C-843E-091635084381}
		{3E22A0F8-FA57-414A-BF4A-D2D7495245A2} = {D1E4A626-685A-4ECE-902F-9ADFA2CB59B9}
		{84C4EC82-6A23-40E4-8958-C6AC7DCA43E7} = {E1B5F825-B328-4D0C-843E-091635084381}
		{F7A7A4A4-CF95-48AF-8580-D27A80670E62} = {84C4EC82-6A23-40E4-8958-C6AC7DCA43E7}
		{F3037DBF-1110-4C96-B723-87406E190840} = {84C4EC82-6A23-40E4-8958-C6AC7DCA43E7}
		{29FC4B90-4BE4-4573-ACDB-664549E101D3} = {84C4EC82-6A23-40E4-8958-C6AC7DCA43E7}
		{68659502-B65E-404F-BB6E-2D2597BB16A2} = {F7A7A4A4-CF95-48AF-8580-D27A80670E62}
		{420CBE5E-0C8C-45DD-B9F7-3F6A66310509} = {84C4EC82-6A23-40E4-8958-C6AC7DCA43E7}
		{042BC59A-E1AD-4E8E-8BBD-97F947FEA7C3} = {420CBE5E-0C8C-45DD-B9F7-3F6A66310509}
		{0A32773B-B69B-4FD9-A54E-3DE22F539600} = {84C4EC82-6A23-40E4-8958-C6AC7DCA43E7}
		{E2392B91-A985-4EC1-A280-DAD102DE7CA6} = {0A32773B-B69B-4FD9-A54E-3DE22F539600}
		{DB0D866C-8E40-4C81-A149-892282262F1F} = {29FC4B90-4BE4-4573-ACDB-664549E101D3}
		{646CCFA5-39F3-4E29-BAA1-FFAC1F9576EE} = {F3037DBF-1110-4C96-B723-87406E190840}
		{71864B82-9819-4537-8759-A3320A38C8C0} = {E1B5F825-B328-4D0C-843E-091635084381}
		{B655AE9C-E6E8-47D4-9329-AB47B09FB238} = {71864B82-9819-4537-8759-A3320A38C8C0}
		{E69C2C82-19D8-4E5A-8C63-B59C1D0D96FB} = {E1B5F825-B328-4D0C-843E-091635084381}
		{B2BF31DD-479A-4452-A21A-8A5B87266DCD} = {E69C2C82-19D8-4E5A-8C63-B59C1D0D96FB}
		{FC2D224D-26E9-4F88-AAC3-84EA38755E1F} = {E1B5F825-B328-4D0C-843E-091635084381}
		{8D23A2E0-2548-479F-878C-2FDB43F96E85} = {FC2D224D-26E9-4F88-AAC3-84EA38755E1F}
		{03A6E99E-7BFC-42BB-BB0F-67B5486FD1AF} = {E1B5F825-B328-4D0C-843E-091635084381}
		{939B7F06-7E19-4CA5-B34A-68C5CA90A33D} = {03A6E99E-7BFC-42BB-BB0F-67B5486FD1AF}
		{7C03B771-5F07-4B91-BD71-056110448075} = {E1B5F825-B328-4D0C-843E-091635084381}
		{A9B358C7-8119-4DEB-B5B8-AB8FBADC9F0C} = {7C03B771-5F07-4B91-BD71-056110448075}
		{A4BCA699-757B-4861-ADD2-32EDFFB607B2} = {E1B5F825-B328-4D0C-843E-091635084381}
		{0B8A1286-6649-4FF5-9643-C3C334111D29} = {A4BCA699-757B-4861-ADD2-32EDFFB607B2}
	EndGlobalSection
	GlobalSection(ExtensibilityGlobals) = postSolution
		SolutionGuid = {15C48AB3-68D9-4876-A213-89948D01CF8B}
	EndGlobalSection
EndGlobal
